
Microsoft Visual Studio Solution File, Format Version 12.00
# Visual Studio Version 17
VisualStudioVersion = 17.9.34622.214
MinimumVisualStudioVersion = 10.0.40219.1
Project("{FAE04EC0-301F-11D3-BF4B-00C04F79EFBC}") = "Quản Lý Tài Khoản", "Quản Lý Tài Khoản\Quản Lý Tài Khoản.csproj", "{86679152-7F9E-4459-A66D-B4C67305ADFA}"
EndProject
Global
	GlobalSection(SolutionConfigurationPlatforms) = preSolution
		Debug|Any CPU = Debug|Any CPU
		Release|Any CPU = Release|Any CPU
	EndGlobalSection
	GlobalSection(ProjectConfigurationPlatforms) = postSolution
		{86679152-7F9E-4459-A66D-B4C67305ADFA}.Debug|Any CPU.ActiveCfg = Debug|Any CPU
		{86679152-7F9E-4459-A66D-B4C67305ADFA}.Debug|Any CPU.Build.0 = Debug|Any CPU
		{86679152-7F9E-4459-A66D-B4C67305ADFA}.Release|Any CPU.ActiveCfg = Release|Any CPU
		{86679152-7F9E-4459-A66D-B4C67305ADFA}.Release|Any CPU.Build.0 = Release|Any CPU
	EndGlobalSection
	GlobalSection(SolutionProperties) = preSolution
		HideSolutionNode = FALSE
	EndGlobalSection
	GlobalSection(ExtensibilityGlobals) = postSolution
		SolutionGuid = {F93B130B-B900-4707-9F21-3A8B4BB19365}
	EndGlobalSection
EndGlobal
